# THIS IS AN AUTOGENERATED FILE. DO NOT EDIT THIS FILE DIRECTLY.
# yarn lockfile v1


bulma-dashboard@^0.1.40:
  version "0.1.40"
  resolved "https://registry.yarnpkg.com/bulma-dashboard/-/bulma-dashboard-0.1.40.tgz#57e393a308ebca5746b7576817a6a77cc7224667"
  integrity sha512-BkiGvhShPQx3ww3WnfH38OrTEr7s5qUmxfmiX5GZTee18gDXAU5imhBY9wJ6mzXq+tMBsa+PsLBheKggb9Llkw==

bulma@^0.7.4:
  version "0.7.4"
  resolved "https://registry.yarnpkg.com/bulma/-/bulma-0.7.4.tgz#7e74512e9118d9799021339e67e365ee0ac4f3f9"
  integrity sha512-krG2rP6eAX1WE0sf6O0SC/FUVSOBX4m1PBC2+GKLpb2pX0qanaDqcv9U2nu75egFrsHkI0zdWYuk/oGwoszVWg==
